
Microsoft Visual Studio Solution File, Format Version 12.00
# Visual Studio Version 17
VisualStudioVersion = 17.13.35825.156 d17.13
MinimumVisualStudioVersion = 10.0.40219.1
Project("{FAE04EC0-301F-11D3-BF4B-00C04F79EFBC}") = "250319 플밍 수업", "250319 플밍 수업\250319 플밍 수업.csproj", "{676D1CBF-1EB8-4C8F-A585-89FD61BB638B}"
EndProject
Global
	GlobalSection(SolutionConfigurationPlatforms) = preSolution
		Debug|Any CPU = Debug|Any CPU
		Release|Any CPU = Release|Any CPU
	EndGlobalSection
	GlobalSection(ProjectConfigurationPlatforms) = postSolution
		{676D1CBF-1EB8-4C8F-A585-89FD61BB638B}.Debug|Any CPU.ActiveCfg = Debug|Any CPU
		{676D1CBF-1EB8-4C8F-A585-89FD61BB638B}.Debug|Any CPU.Build.0 = Debug|Any CPU
		{676D1CBF-1EB8-4C8F-A585-89FD61BB638B}.Release|Any CPU.ActiveCfg = Release|Any CPU
		{676D1CBF-1EB8-4C8F-A585-89FD61BB638B}.Release|Any CPU.Build.0 = Release|Any CPU
	EndGlobalSection
	GlobalSection(SolutionProperties) = preSolution
		HideSolutionNode = FALSE
	EndGlobalSection
	GlobalSection(ExtensibilityGlobals) = postSolution
		SolutionGuid = {5653ABC3-5EAC-4D24-A331-5E776EA5870F}
	EndGlobalSection
EndGlobal
